
Microsoft Visual Studio Solution File, Format Version 12.00
# Visual Studio 2013
VisualStudioVersion = 12.0.30723.0
MinimumVisualStudioVersion = 10.0.40219.1
Project("{FAE04EC0-301F-11D3-BF4B-00C04F79EFBC}") = "Blackjack", "Blackjack\Blackjack.csproj", "{3129DCD0-8469-4637-9CCC-238E4CC89C4B}"
EndProject
Project("{FAE04EC0-301F-11D3-BF4B-00C04F79EFBC}") = "Blackjack.Test", "Blackjack.Test\Blackjack.Test.csproj", "{43D88A96-5FFF-4F95-9CF6-7E0BC66F2E6A}"
EndProject
Global
	GlobalSection(CodealikeProperties) = postSolution
		SolutionGuid = 66ceb6a4-ab05-4439-8aeb-f33bf755776d
	EndGlobalSection
	GlobalSection(SolutionConfigurationPlatforms) = preSolution
		Debug|Any CPU = Debug|Any CPU
		Release|Any CPU = Release|Any CPU
	EndGlobalSection
	GlobalSection(ProjectConfigurationPlatforms) = postSolution
		{3129DCD0-8469-4637-9CCC-238E4CC89C4B}.Debug|Any CPU.ActiveCfg = Debug|Any CPU
		{3129DCD0-8469-4637-9CCC-238E4CC89C4B}.Debug|Any CPU.Build.0 = Debug|Any CPU
		{3129DCD0-8469-4637-9CCC-238E4CC89C4B}.Release|Any CPU.ActiveCfg = Release|Any CPU
		{3129DCD0-8469-4637-9CCC-238E4CC89C4B}.Release|Any CPU.Build.0 = Release|Any CPU
		{43D88A96-5FFF-4F95-9CF6-7E0BC66F2E6A}.Debug|Any CPU.ActiveCfg = Debug|Any CPU
		{43D88A96-5FFF-4F95-9CF6-7E0BC66F2E6A}.Debug|Any CPU.Build.0 = Debug|Any CPU
		{43D88A96-5FFF-4F95-9CF6-7E0BC66F2E6A}.Release|Any CPU.ActiveCfg = Release|Any CPU
		{43D88A96-5FFF-4F95-9CF6-7E0BC66F2E6A}.Release|Any CPU.Build.0 = Release|Any CPU
	EndGlobalSection
	GlobalSection(SolutionProperties) = preSolution
		HideSolutionNode = FALSE
	EndGlobalSection
EndGlobal
